{
  "name": "WebsiteTheSSEquel",
  "lockfileVersion": 3,
  "requires": true,
  "packages": {
    "": {
      "name": "WebsiteTheSSEquel",
      "dependencies": {
        "WebsiteTheSSEquel": "file:"
      }
    },
    "node_modules/WebsiteTheSSEquel": {
      "resolved": "",
      "link": true
    }
  }
}
